Microsoft Visual Studio Solution File, Format Version 12.00
# Visual Studio Version 17
VisualStudioVersion = 17.5.2.0
MinimumVisualStudioVersion = 10.0.40219.1
Project("{FAE04EC0-301F-11D3-BF4B-00C04F79EFBC}") = "DiscordAboutMeChanger", "DiscordAboutMeChanger.csproj", "{9061ADCC-7DC4-9358-B3C5-8E772DA09EBA}"
EndProject
Global
	GlobalSection(SolutionConfigurationPlatforms) = preSolution
		Debug|Any CPU = Debug|Any CPU
		Release|Any CPU = Release|Any CPU
	EndGlobalSection
	GlobalSection(ProjectConfigurationPlatforms) = postSolution
		{9061ADCC-7DC4-9358-B3C5-8E772DA09EBA}.Debug|Any CPU.ActiveCfg = Debug|Any CPU
		{9061ADCC-7DC4-9358-B3C5-8E772DA09EBA}.Debug|Any CPU.Build.0 = Debug|Any CPU
		{9061ADCC-7DC4-9358-B3C5-8E772DA09EBA}.Release|Any CPU.ActiveCfg = Release|Any CPU
		{9061ADCC-7DC4-9358-B3C5-8E772DA09EBA}.Release|Any CPU.Build.0 = Release|Any CPU
	EndGlobalSection
	GlobalSection(SolutionProperties) = preSolution
		HideSolutionNode = FALSE
	EndGlobalSection
	GlobalSection(ExtensibilityGlobals) = postSolution
		SolutionGuid = {1C575A79-A902-46CE-8132-9FF903BBEA24}
	EndGlobalSection
EndGlobal
